// !$*UTF8*$!
{
	archiveVersion = 1;
	classes = {
	};
	objectVersion = 50;
	objects = {

/* Begin PBXBuildFile section */
		DD882DC723DC44C500DFDD8C /* AppDelegate.m in Sources */ = {isa = PBXBuildFile; fileRef = DD882DC623DC44C500DFDD8C /* AppDelegate.m */; };
		DD882DCA23DC44C500DFDD8C /* SceneDelegate.m in Sources */ = {isa = PBXBuildFile; fileRef = DD882DC923DC44C500DFDD8C /* SceneDelegate.m */; };
		DD882DCD23DC44C500DFDD8C /* ViewController.m in Sources */ = {isa = PBXBuildFile; fileRef = DD882DCC23DC44C500DFDD8C /* ViewController.m */; };
		DD882DD023DC44C500DFDD8C /* Main.storyboard in Resources */ = {isa = PBXBuildFile; fileRef = DD882DCE23DC44C500DFDD8C /* Main.storyboard */; };
		DD882DD223DC44C800DFDD8C /* Assets.xcassets in Resources */ = {isa = PBXBuildFile; fileRef = DD882DD123DC44C800DFDD8C /* Assets.xcassets */; };
		DD882DD523DC44C800DFDD8C /* LaunchScreen.storyboard in Resources */ = {isa = PBXBuildFile; fileRef = DD882DD323DC44C800DFDD8C /* LaunchScreen.storyboard */; };
		DD882DD823DC44C800DFDD8C /* main.m in Sources */ = {isa = PBXBuildFile; fileRef = DD882DD723DC44C800DFDD8C /* main.m */; };
		DD882DE223DC44C800DFDD8C /* Favorite_Artists2Tests.m in Sources */ = {isa = PBXBuildFile; fileRef = DD882DE123DC44C800DFDD8C /* Favorite_Artists2Tests.m */; };
		DD882DF123DC471500DFDD8C /* LSIArtistDetailViewController.m in Sources */ = {isa = PBXBuildFile; fileRef = DD882DF023DC471500DFDD8C /* LSIArtistDetailViewController.m */; };
		DD882DF223DC471500DFDD8C /* LSIArtistDetailViewController.m in Sources */ = {isa = PBXBuildFile; fileRef = DD882DF023DC471500DFDD8C /* LSIArtistDetailViewController.m */; };
		DD882DF523DC47AB00DFDD8C /* LSIArtistsTableViewController.m in Sources */ = {isa = PBXBuildFile; fileRef = DD882DF423DC47AB00DFDD8C /* LSIArtistsTableViewController.m */; };
		DD882DF623DC47AB00DFDD8C /* LSIArtistsTableViewController.m in Sources */ = {isa = PBXBuildFile; fileRef = DD882DF423DC47AB00DFDD8C /* LSIArtistsTableViewController.m */; };
		DD882DFC23DC665800DFDD8C /* LSIArtist.m in Sources */ = {isa = PBXBuildFile; fileRef = DD882DFB23DC665800DFDD8C /* LSIArtist.m */; };
		DD882DFD23DC665800DFDD8C /* LSIArtist.m in Sources */ = {isa = PBXBuildFile; fileRef = DD882DFB23DC665800DFDD8C /* LSIArtist.m */; };
/* End PBXBuildFile section */

/* Begin PBXContainerItemProxy section */
		DD882DDE23DC44C800DFDD8C /* PBXContainerItemProxy */ = {
			isa = PBXContainerItemProxy;
			containerPortal = DD882DBA23DC44C400DFDD8C /* Project object */;
			proxyType = 1;
			remoteGlobalIDString = DD882DC123DC44C400DFDD8C;
			remoteInfo = "Favorite Artists2";
		};
/* End PBXContainerItemProxy section */

/* Begin PBXFileReference section */
		DD882DC223DC44C400DFDD8C /* Favorite Artists2.app */ = {isa = PBXFileReference; explicitFileType = wrapper.application; includeInIndex = 0; path = "Favorite Artists2.app"; sourceTree = BUILT_PRODUCTS_DIR; };
		DD882DC523DC44C500DFDD8C /* AppDelegate.h */ = {isa = PBXFileReference; lastKnownFileType = sourcecode.c.h; path = AppDelegate.h; sourceTree = "<group>"; };
		DD882DC623DC44C500DFDD8C /* AppDelegate.m */ = {isa = PBXFileReference; lastKnownFileType = sourcecode.c.objc; path = AppDelegate.m; sourceTree = "<group>"; };
		DD882DC823DC44C500DFDD8C /* SceneDelegate.h */ = {isa = PBXFileReference; lastKnownFileType = sourcecode.c.h; path = SceneDelegate.h; sourceTree = "<group>"; };
		DD882DC923DC44C500DFDD8C /* SceneDelegate.m */ = {isa = PBXFileReference; lastKnownFileType = sourcecode.c.objc; path = SceneDelegate.m; sourceTree = "<group>"; };
		DD882DCB23DC44C500DFDD8C /* ViewController.h */ = {isa = PBXFileReference; lastKnownFileType = sourcecode.c.h; path = ViewController.h; sourceTree = "<group>"; };
		DD882DCC23DC44C500DFDD8C /* ViewController.m */ = {isa = PBXFileReference; lastKnownFileType = sourcecode.c.objc; path = ViewController.m; sourceTree = "<group>"; };
		DD882DCF23DC44C500DFDD8C /* Base */ = {isa = PBXFileReference; lastKnownFileType = file.storyboard; name = Base; path = Base.lproj/Main.storyboard; sourceTree = "<group>"; };
		DD882DD123DC44C800DFDD8C /* Assets.xcassets */ = {isa = PBXFileReference; lastKnownFileType = folder.assetcatalog; path = Assets.xcassets; sourceTree = "<group>"; };
		DD882DD423DC44C800DFDD8C /* Base */ = {isa = PBXFileReference; lastKnownFileType = file.storyboard; name = Base; path = Base.lproj/LaunchScreen.storyboard; sourceTree = "<group>"; };
		DD882DD623DC44C800DFDD8C /* Info.plist */ = {isa = PBXFileReference; lastKnownFileType = text.plist.xml; path = Info.plist; sourceTree = "<group>"; };
		DD882DD723DC44C800DFDD8C /* main.m */ = {isa = PBXFileReference; lastKnownFileType = sourcecode.c.objc; path = main.m; sourceTree = "<group>"; };
		DD882DDD23DC44C800DFDD8C /* Favorite Artists2Tests.xctest */ = {isa = PBXFileReference; explicitFileType = wrapper.cfbundle; includeInIndex = 0; path = "Favorite Artists2Tests.xctest"; sourceTree = BUILT_PRODUCTS_DIR; };
		DD882DE123DC44C800DFDD8C /* Favorite_Artists2Tests.m */ = {isa = PBXFileReference; lastKnownFileType = sourcecode.c.objc; path = Favorite_Artists2Tests.m; sourceTree = "<group>"; };
		DD882DE323DC44C800DFDD8C /* Info.plist */ = {isa = PBXFileReference; lastKnownFileType = text.plist.xml; path = Info.plist; sourceTree = "<group>"; };
		DD882DEF23DC471500DFDD8C /* LSIArtistDetailViewController.h */ = {isa = PBXFileReference; lastKnownFileType = sourcecode.c.h; path = LSIArtistDetailViewController.h; sourceTree = "<group>"; };
		DD882DF023DC471500DFDD8C /* LSIArtistDetailViewController.m */ = {isa = PBXFileReference; lastKnownFileType = sourcecode.c.objc; path = LSIArtistDetailViewController.m; sourceTree = "<group>"; };
		DD882DF323DC47AB00DFDD8C /* LSIArtistsTableViewController.h */ = {isa = PBXFileReference; lastKnownFileType = sourcecode.c.h; path = LSIArtistsTableViewController.h; sourceTree = "<group>"; };
		DD882DF423DC47AB00DFDD8C /* LSIArtistsTableViewController.m */ = {isa = PBXFileReference; lastKnownFileType = sourcecode.c.objc; path = LSIArtistsTableViewController.m; sourceTree = "<group>"; };
		DD882DF923DC65C200DFDD8C /* ArtistJson */ = {isa = PBXFileReference; lastKnownFileType = text; path = ArtistJson; sourceTree = "<group>"; };
		DD882DFA23DC665800DFDD8C /* LSIArtist.h */ = {isa = PBXFileReference; lastKnownFileType = sourcecode.c.h; path = LSIArtist.h; sourceTree = "<group>"; };
		DD882DFB23DC665800DFDD8C /* LSIArtist.m */ = {isa = PBXFileReference; lastKnownFileType = sourcecode.c.objc; path = LSIArtist.m; sourceTree = "<group>"; };
/* End PBXFileReference section */

/* Begin PBXFrameworksBuildPhase section */
		DD882DBF23DC44C400DFDD8C /* Frameworks */ = {
			isa = PBXFrameworksBuildPhase;
			buildActionMask = 2147483647;
			files = (
			);
			runOnlyForDeploymentPostprocessing = 0;
		};
		DD882DDA23DC44C800DFDD8C /* Frameworks */ = {
			isa = PBXFrameworksBuildPhase;
			buildActionMask = 2147483647;
			files = (
			);
			runOnlyForDeploymentPostprocessing = 0;
		};
/* End PBXFrameworksBuildPhase section */

/* Begin PBXGroup section */
		DD882DB923DC44C400DFDD8C = {
			isa = PBXGroup;
			children = (
				DD882DC423DC44C500DFDD8C /* Favorite Artists2 */,
				DD882DE023DC44C800DFDD8C /* Favorite Artists2Tests */,
				DD882DC323DC44C400DFDD8C /* Products */,
			);
			sourceTree = "<group>";
		};
		DD882DC323DC44C400DFDD8C /* Products */ = {
			isa = PBXGroup;
			children = (
				DD882DC223DC44C400DFDD8C /* Favorite Artists2.app */,
				DD882DDD23DC44C800DFDD8C /* Favorite Artists2Tests.xctest */,
			);
			name = Products;
			sourceTree = "<group>";
		};
		DD882DC423DC44C500DFDD8C /* Favorite Artists2 */ = {
			isa = PBXGroup;
			children = (
				DD882DEC23DC467B00DFDD8C /* Resources */,
				DD882DEE23DC46C100DFDD8C /* View Controllers */,
				DD882DED23DC46A600DFDD8C /* Storyboards */,
				DD882DFE23DC667000DFDD8C /* Models */,
			);
			path = "Favorite Artists2";
			sourceTree = "<group>";
		};
		DD882DE023DC44C800DFDD8C /* Favorite Artists2Tests */ = {
			isa = PBXGroup;
			children = (
				DD882DE123DC44C800DFDD8C /* Favorite_Artists2Tests.m */,
				DD882DE323DC44C800DFDD8C /* Info.plist */,
			);
			path = "Favorite Artists2Tests";
			sourceTree = "<group>";
		};
		DD882DEC23DC467B00DFDD8C /* Resources */ = {
			isa = PBXGroup;
			children = (
				DD882DC523DC44C500DFDD8C /* AppDelegate.h */,
				DD882DC623DC44C500DFDD8C /* AppDelegate.m */,
				DD882DC823DC44C500DFDD8C /* SceneDelegate.h */,
				DD882DC923DC44C500DFDD8C /* SceneDelegate.m */,
				DD882DD123DC44C800DFDD8C /* Assets.xcassets */,
				DD882DD623DC44C800DFDD8C /* Info.plist */,
				DD882DD723DC44C800DFDD8C /* main.m */,
				DD882DF923DC65C200DFDD8C /* ArtistJson */,
			);
			path = Resources;
			sourceTree = "<group>";
		};
		DD882DED23DC46A600DFDD8C /* Storyboards */ = {
			isa = PBXGroup;
			children = (
				DD882DCE23DC44C500DFDD8C /* Main.storyboard */,
				DD882DD323DC44C800DFDD8C /* LaunchScreen.storyboard */,
			);
			path = Storyboards;
			sourceTree = "<group>";
		};
		DD882DEE23DC46C100DFDD8C /* View Controllers */ = {
			isa = PBXGroup;
			children = (
				DD882DCB23DC44C500DFDD8C /* ViewController.h */,
				DD882DCC23DC44C500DFDD8C /* ViewController.m */,
				DD882DEF23DC471500DFDD8C /* LSIArtistDetailViewController.h */,
				DD882DF023DC471500DFDD8C /* LSIArtistDetailViewController.m */,
				DD882DF323DC47AB00DFDD8C /* LSIArtistsTableViewController.h */,
				DD882DF423DC47AB00DFDD8C /* LSIArtistsTableViewController.m */,
			);
			path = "View Controllers";
			sourceTree = "<group>";
		};
		DD882DFE23DC667000DFDD8C /* Models */ = {
			isa = PBXGroup;
			children = (
				DD882DFA23DC665800DFDD8C /* LSIArtist.h */,
				DD882DFB23DC665800DFDD8C /* LSIArtist.m */,
			);
			path = Models;
			sourceTree = "<group>";
		};
/* End PBXGroup section */

/* Begin PBXNativeTarget section */
		DD882DC123DC44C400DFDD8C /* Favorite Artists2 */ = {
			isa = PBXNativeTarget;
			buildConfigurationList = DD882DE623DC44C800DFDD8C /* Build configuration list for PBXNativeTarget "Favorite Artists2" */;
			buildPhases = (
				DD882DBE23DC44C400DFDD8C /* Sources */,
				DD882DBF23DC44C400DFDD8C /* Frameworks */,
				DD882DC023DC44C400DFDD8C /* Resources */,
			);
			buildRules = (
			);
			dependencies = (
			);
			name = "Favorite Artists2";
			productName = "Favorite Artists2";
			productReference = DD882DC223DC44C400DFDD8C /* Favorite Artists2.app */;
			productType = "com.apple.product-type.application";
		};
		DD882DDC23DC44C800DFDD8C /* Favorite Artists2Tests */ = {
			isa = PBXNativeTarget;
			buildConfigurationList = DD882DE923DC44C800DFDD8C /* Build configuration list for PBXNativeTarget "Favorite Artists2Tests" */;
			buildPhases = (
				DD882DD923DC44C800DFDD8C /* Sources */,
				DD882DDA23DC44C800DFDD8C /* Frameworks */,
				DD882DDB23DC44C800DFDD8C /* Resources */,
			);
			buildRules = (
			);
			dependencies = (
				DD882DDF23DC44C800DFDD8C /* PBXTargetDependency */,
			);
			name = "Favorite Artists2Tests";
			productName = "Favorite Artists2Tests";
			productReference = DD882DDD23DC44C800DFDD8C /* Favorite Artists2Tests.xctest */;
			productType = "com.apple.product-type.bundle.unit-test";
		};
/* End PBXNativeTarget section */

/* Begin PBXProject section */
		DD882DBA23DC44C400DFDD8C /* Project object */ = {
			isa = PBXProject;
			attributes = {
				LastUpgradeCheck = 1130;
				ORGANIZATIONNAME = "Lamdba School";
				TargetAttributes = {
					DD882DC123DC44C400DFDD8C = {
						CreatedOnToolsVersion = 11.3.1;
					};
					DD882DDC23DC44C800DFDD8C = {
						CreatedOnToolsVersion = 11.3.1;
						TestTargetID = DD882DC123DC44C400DFDD8C;
					};
				};
			};
			buildConfigurationList = DD882DBD23DC44C400DFDD8C /* Build configuration list for PBXProject "Favorite Artists2" */;
			compatibilityVersion = "Xcode 9.3";
			developmentRegion = en;
			hasScannedForEncodings = 0;
			knownRegions = (
				en,
				Base,
			);
			mainGroup = DD882DB923DC44C400DFDD8C;
			productRefGroup = DD882DC323DC44C400DFDD8C /* Products */;
			projectDirPath = "";
			projectRoot = "";
			targets = (
				DD882DC123DC44C400DFDD8C /* Favorite Artists2 */,
				DD882DDC23DC44C800DFDD8C /* Favorite Artists2Tests */,
			);
		};
/* End PBXProject section */

/* Begin PBXResourcesBuildPhase section */
		DD882DC023DC44C400DFDD8C /* Resources */ = {
			isa = PBXResourcesBuildPhase;
			buildActionMask = 2147483647;
			files = (
				DD882DD523DC44C800DFDD8C /* LaunchScreen.storyboard in Resources */,
				DD882DD223DC44C800DFDD8C /* Assets.xcassets in Resources */,
				DD882DD023DC44C500DFDD8C /* Main.storyboard in Resources */,
			);
			runOnlyForDeploymentPostprocessing = 0;
		};
		DD882DDB23DC44C800DFDD8C /* Resources */ = {
			isa = PBXResourcesBuildPhase;
			buildActionMask = 2147483647;
			files = (
			);
			runOnlyForDeploymentPostprocessing = 0;
		};
/* End PBXResourcesBuildPhase section */

/* Begin PBXSourcesBuildPhase section */
		DD882DBE23DC44C400DFDD8C /* Sources */ = {
			isa = PBXSourcesBuildPhase;
			buildActionMask = 2147483647;
			files = (
				DD882DF123DC471500DFDD8C /* LSIArtistDetailViewController.m in Sources */,
				DD882DF523DC47AB00DFDD8C /* LSIArtistsTableViewController.m in Sources */,
				DD882DCD23DC44C500DFDD8C /* ViewController.m in Sources */,
				DD882DC723DC44C500DFDD8C /* AppDelegate.m in Sources */,
				DD882DD823DC44C800DFDD8C /* main.m in Sources */,
				DD882DCA23DC44C500DFDD8C /* SceneDelegate.m in Sources */,
				DD882DFC23DC665800DFDD8C /* LSIArtist.m in Sources */,
			);
			runOnlyForDeploymentPostprocessing = 0;
		};
		DD882DD923DC44C800DFDD8C /* Sources */ = {
			isa = PBXSourcesBuildPhase;
			buildActionMask = 2147483647;
			files = (
				DD882DE223DC44C800DFDD8C /* Favorite_Artists2Tests.m in Sources */,
				DD882DFD23DC665800DFDD8C /* LSIArtist.m in Sources */,
				DD882DF623DC47AB00DFDD8C /* LSIArtistsTableViewController.m in Sources */,
				DD882DF223DC471500DFDD8C /* LSIArtistDetailViewController.m in Sources */,
			);
			runOnlyForDeploymentPostprocessing = 0;
		};
/* End PBXSourcesBuildPhase section */

/* Begin PBXTargetDependency section */
		DD882DDF23DC44C800DFDD8C /* PBXTargetDependency */ = {
			isa = PBXTargetDependency;
			target = DD882DC123DC44C400DFDD8C /* Favorite Artists2 */;
			targetProxy = DD882DDE23DC44C800DFDD8C /* PBXContainerItemProxy */;
		};
/* End PBXTargetDependency section */

/* Begin PBXVariantGroup section */
		DD882DCE23DC44C500DFDD8C /* Main.storyboard */ = {
			isa = PBXVariantGroup;
			children = (
				DD882DCF23DC44C500DFDD8C /* Base */,
			);
			name = Main.storyboard;
			sourceTree = "<group>";
		};
		DD882DD323DC44C800DFDD8C /* LaunchScreen.storyboard */ = {
			isa = PBXVariantGroup;
			children = (
				DD882DD423DC44C800DFDD8C /* Base */,
			);
			name = LaunchScreen.storyboard;
			sourceTree = "<group>";
		};
/* End PBXVariantGroup section */

/* Begin XCBuildConfiguration section */
		DD882DE423DC44C800DFDD8C /* Debug */ = {
			isa = XCBuildConfiguration;
			buildSettings = {
				ALWAYS_SEARCH_USER_PATHS = NO;
				CLANG_ANALYZER_NONNULL = YES;
				CLANG_ANALYZER_NUMBER_OBJECT_CONVERSION = YES_AGGRESSIVE;
				CLANG_CXX_LANGUAGE_STANDARD = "gnu++14";
				CLANG_CXX_LIBRARY = "libc++";
				CLANG_ENABLE_MODULES = YES;
				CLANG_ENABLE_OBJC_ARC = YES;
				CLANG_ENABLE_OBJC_WEAK = YES;
				CLANG_WARN_BLOCK_CAPTURE_AUTORELEASING = YES;
				CLANG_WARN_BOOL_CONVERSION = YES;
				CLANG_WARN_COMMA = YES;
				CLANG_WARN_CONSTANT_CONVERSION = YES;
				CLANG_WARN_DEPRECATED_OBJC_IMPLEMENTATIONS = YES;
				CLANG_WARN_DIRECT_OBJC_ISA_USAGE = YES_ERROR;
				CLANG_WARN_DOCUMENTATION_COMMENTS = YES;
				CLANG_WARN_EMPTY_BODY = YES;
				CLANG_WARN_ENUM_CONVERSION = YES;
				CLANG_WARN_INFINITE_RECURSION = YES;
				CLANG_WARN_INT_CONVERSION = YES;
				CLANG_WARN_NON_LITERAL_NULL_CONVERSION = YES;
				CLANG_WARN_OBJC_IMPLICIT_RETAIN_SELF = YES;
				CLANG_WARN_OBJC_LITERAL_CONVERSION = YES;
				CLANG_WARN_OBJC_ROOT_CLASS = YES_ERROR;
				CLANG_WARN_RANGE_LOOP_ANALYSIS = YES;
				CLANG_WARN_STRICT_PROTOTYPES = YES;
				CLANG_WARN_SUSPICIOUS_MOVE = YES;
				CLANG_WARN_UNGUARDED_AVAILABILITY = YES_AGGRESSIVE;
				CLANG_WARN_UNREACHABLE_CODE = YES;
				CLANG_WARN__DUPLICATE_METHOD_MATCH = YES;
				COPY_PHASE_STRIP = NO;
				DEBUG_INFORMATION_FORMAT = dwarf;
				ENABLE_STRICT_OBJC_MSGSEND = YES;
				ENABLE_TESTABILITY = YES;
				GCC_C_LANGUAGE_STANDARD = gnu11;
				GCC_DYNAMIC_NO_PIC = NO;
				GCC_NO_COMMON_BLOCKS = YES;
				GCC_OPTIMIZATION_LEVEL = 0;
				GCC_PREPROCESSOR_DEFINITIONS = (
					"DEBUG=1",
					"$(inherited)",
				);
				GCC_WARN_64_TO_32_BIT_CONVERSION = YES;
				GCC_WARN_ABOUT_RETURN_TYPE = YES_ERROR;
				GCC_WARN_UNDECLARED_SELECTOR = YES;
				GCC_WARN_UNINITIALIZED_AUTOS = YES_AGGRESSIVE;
				GCC_WARN_UNUSED_FUNCTION = YES;
				GCC_WARN_UNUSED_VARIABLE = YES;
				IPHONEOS_DEPLOYMENT_TARGET = 13.2;
				MTL_ENABLE_DEBUG_INFO = INCLUDE_SOURCE;
				MTL_FAST_MATH = YES;
				ONLY_ACTIVE_ARCH = YES;
				SDKROOT = iphoneos;
			};
			name = Debug;
		};
		DD882DE523DC44C800DFDD8C /* Release */ = {
			isa = XCBuildConfiguration;
			buildSettings = {
				ALWAYS_SEARCH_USER_PATHS = NO;
				CLANG_ANALYZER_NONNULL = YES;
				CLANG_ANALYZER_NUMBER_OBJECT_CONVERSION = YES_AGGRESSIVE;
				CLANG_CXX_LANGUAGE_STANDARD = "gnu++14";
				CLANG_CXX_LIBRARY = "libc++";
				CLANG_ENABLE_MODULES = YES;
				CLANG_ENABLE_OBJC_ARC = YES;
				CLANG_ENABLE_OBJC_WEAK = YES;
				CLANG_WARN_BLOCK_CAPTURE_AUTORELEASING = YES;
				CLANG_WARN_BOOL_CONVERSION = YES;
				CLANG_WARN_COMMA = YES;
				CLANG_WARN_CONSTANT_CONVERSION = YES;
				CLANG_WARN_DEPRECATED_OBJC_IMPLEMENTATIONS = YES;
				CLANG_WARN_DIRECT_OBJC_ISA_USAGE = YES_ERROR;
				CLANG_WARN_DOCUMENTATION_COMMENTS = YES;
				CLANG_WARN_EMPTY_BODY = YES;
				CLANG_WARN_ENUM_CONVERSION = YES;
				CLANG_WARN_INFINITE_RECURSION = YES;
				CLANG_WARN_INT_CONVERSION = YES;
				CLANG_WARN_NON_LITERAL_NULL_CONVERSION = YES;
				CLANG_WARN_OBJC_IMPLICIT_RETAIN_SELF = YES;
				CLANG_WARN_OBJC_LITERAL_CONVERSION = YES;
				CLANG_WARN_OBJC_ROOT_CLASS = YES_ERROR;
				CLANG_WARN_RANGE_LOOP_ANALYSIS = YES;
				CLANG_WARN_STRICT_PROTOTYPES = YES;
				CLANG_WARN_SUSPICIOUS_MOVE = YES;
				CLANG_WARN_UNGUARDED_AVAILABILITY = YES_AGGRESSIVE;
				CLANG_WARN_UNREACHABLE_CODE = YES;
				CLANG_WARN__DUPLICATE_METHOD_MATCH = YES;
				COPY_PHASE_STRIP = NO;
				DEBUG_INFORMATION_FORMAT = "dwarf-with-dsym";
				ENABLE_NS_ASSERTIONS = NO;
				ENABLE_STRICT_OBJC_MSGSEND = YES;
				GCC_C_LANGUAGE_STANDARD = gnu11;
				GCC_NO_COMMON_BLOCKS = YES;
				GCC_WARN_64_TO_32_BIT_CONVERSION = YES;
				GCC_WARN_ABOUT_RETURN_TYPE = YES_ERROR;
				GCC_WARN_UNDECLARED_SELECTOR = YES;
				GCC_WARN_UNINITIALIZED_AUTOS = YES_AGGRESSIVE;
				GCC_WARN_UNUSED_FUNCTION = YES;
				GCC_WARN_UNUSED_VARIABLE = YES;
				IPHONEOS_DEPLOYMENT_TARGET = 13.2;
				MTL_ENABLE_DEBUG_INFO = NO;
				MTL_FAST_MATH = YES;
				SDKROOT = iphoneos;
				VALIDATE_PRODUCT = YES;
			};
			name = Release;
		};
		DD882DE723DC44C800DFDD8C /* Debug */ = {
			isa = XCBuildConfiguration;
			buildSettings = {
				ASSETCATALOG_COMPILER_APPICON_NAME = AppIcon;
				CODE_SIGN_STYLE = Automatic;
				DEVELOPMENT_TEAM = T87Y8KB3R4;
				INFOPLIST_FILE = "Favorite Artists2/Info.plist";
				LD_RUNPATH_SEARCH_PATHS = (
					"$(inherited)",
					"@executable_path/Frameworks",
				);
				PRODUCT_BUNDLE_IDENTIFIER = "com.percyNgan.Favorite-Artists2";
				PRODUCT_NAME = "$(TARGET_NAME)";
				TARGETED_DEVICE_FAMILY = "1,2";
			};
			name = Debug;
		};
		DD882DE823DC44C800DFDD8C /* Release */ = {
			isa = XCBuildConfiguration;
			buildSettings = {
				ASSETCATALOG_COMPILER_APPICON_NAME = AppIcon;
				CODE_SIGN_STYLE = Automatic;
				DEVELOPMENT_TEAM = T87Y8KB3R4;
				INFOPLIST_FILE = "Favorite Artists2/Info.plist";
				LD_RUNPATH_SEARCH_PATHS = (
					"$(inherited)",
					"@executable_path/Frameworks",
				);
				PRODUCT_BUNDLE_IDENTIFIER = "com.percyNgan.Favorite-Artists2";
				PRODUCT_NAME = "$(TARGET_NAME)";
				TARGETED_DEVICE_FAMILY = "1,2";
			};
			name = Release;
		};
		DD882DEA23DC44C800DFDD8C /* Debug */ = {
			isa = XCBuildConfiguration;
			buildSettings = {
				BUNDLE_LOADER = "$(TEST_HOST)";
				CODE_SIGN_STYLE = Automatic;
				DEVELOPMENT_TEAM = T87Y8KB3R4;
				INFOPLIST_FILE = "Favorite Artists2Tests/Info.plist";
				IPHONEOS_DEPLOYMENT_TARGET = 13.2;
				LD_RUNPATH_SEARCH_PATHS = (
					"$(inherited)",
					"@executable_path/Frameworks",
					"@loader_path/Frameworks",
				);
				PRODUCT_BUNDLE_IDENTIFIER = "com.percyNgan.Favorite-Artists2Tests";
				PRODUCT_NAME = "$(TARGET_NAME)";
				TARGETED_DEVICE_FAMILY = "1,2";
				TEST_HOST = "$(BUILT_PRODUCTS_DIR)/Favorite Artists2.app/Favorite Artists2";
			};
			name = Debug;
		};
		DD882DEB23DC44C800DFDD8C /* Release */ = {
			isa = XCBuildConfiguration;
			buildSettings = {
				BUNDLE_LOADER = "$(TEST_HOST)";
				CODE_SIGN_STYLE = Automatic;
				DEVELOPMENT_TEAM = T87Y8KB3R4;
				INFOPLIST_FILE = "Favorite Artists2Tests/Info.plist";
				IPHONEOS_DEPLOYMENT_TARGET = 13.2;
				LD_RUNPATH_SEARCH_PATHS = (
					"$(inherited)",
					"@executable_path/Frameworks",
					"@loader_path/Frameworks",
				);
				PRODUCT_BUNDLE_IDENTIFIER = "com.percyNgan.Favorite-Artists2Tests";
				PRODUCT_NAME = "$(TARGET_NAME)";
				TARGETED_DEVICE_FAMILY = "1,2";
				TEST_HOST = "$(BUILT_PRODUCTS_DIR)/Favorite Artists2.app/Favorite Artists2";
			};
			name = Release;
		};
/* End XCBuildConfiguration section */

/* Begin XCConfigurationList section */
		DD882DBD23DC44C400DFDD8C /* Build configuration list for PBXProject "Favorite Artists2" */ = {
			isa = XCConfigurationList;
			buildConfigurations = (
				DD882DE423DC44C800DFDD8C /* Debug */,
				DD882DE523DC44C800DFDD8C /* Release */,
			);
			defaultConfigurationIsVisible = 0;
			defaultConfigurationName = Release;
		};
		DD882DE623DC44C800DFDD8C /* Build configuration list for PBXNativeTarget "Favorite Artists2" */ = {
			isa = XCConfigurationList;
			buildConfigurations = (
				DD882DE723DC44C800DFDD8C /* Debug */,
				DD882DE823DC44C800DFDD8C /* Release */,
			);
			defaultConfigurationIsVisible = 0;
			defaultConfigurationName = Release;
		};
		DD882DE923DC44C800DFDD8C /* Build configuration list for PBXNativeTarget "Favorite Artists2Tests" */ = {
			isa = XCConfigurationList;
			buildConfigurations = (
				DD882DEA23DC44C800DFDD8C /* Debug */,
				DD882DEB23DC44C800DFDD8C /* Release */,
			);
			defaultConfigurationIsVisible = 0;
			defaultConfigurationName = Release;
		};
/* End XCConfigurationList section */
	};
	rootObject = DD882DBA23DC44C400DFDD8C /* Project object */;
}
